
Microsoft Visual Studio Solution File, Format Version 12.00
# Visual Studio Version 17
VisualStudioVersion = 17.11.35327.3
MinimumVisualStudioVersion = 10.0.40219.1
Project("{FAE04EC0-301F-11D3-BF4B-00C04F79EFBC}") = "FirstMVCproj", "FirstMVCproj\FirstMVCproj.csproj", "{C9EA842E-AC97-49BB-A3A5-42EE5DF675DE}"
EndProject
Global
	GlobalSection(SolutionConfigurationPlatforms) = preSolution
		Debug|Any CPU = Debug|Any CPU
		Release|Any CPU = Release|Any CPU
	EndGlobalSection
	GlobalSection(ProjectConfigurationPlatforms) = postSolution
		{C9EA842E-AC97-49BB-A3A5-42EE5DF675DE}.Debug|Any CPU.ActiveCfg = Debug|Any CPU
		{C9EA842E-AC97-49BB-A3A5-42EE5DF675DE}.Debug|Any CPU.Build.0 = Debug|Any CPU
		{C9EA842E-AC97-49BB-A3A5-42EE5DF675DE}.Release|Any CPU.ActiveCfg = Release|Any CPU
		{C9EA842E-AC97-49BB-A3A5-42EE5DF675DE}.Release|Any CPU.Build.0 = Release|Any CPU
	EndGlobalSection
	GlobalSection(SolutionProperties) = preSolution
		HideSolutionNode = FALSE
	EndGlobalSection
	GlobalSection(ExtensibilityGlobals) = postSolution
		SolutionGuid = {616F58F7-6F44-4264-B9FA-7C0488577E78}
	EndGlobalSection
EndGlobal
